Microsoft Visual Studio Solution File, Format Version 12.00
# Visual Studio Version 17
VisualStudioVersion = 17.5.2.0
MinimumVisualStudioVersion = 10.0.40219.1
Project("{2150E333-8FDC-42A3-9474-1A3956D46DE8}") = "slides", "slides", "{113C3CE2-76DA-4FC6-3B60-155B362DDC6D}"
EndProject
Project("{FAE04EC0-301F-11D3-BF4B-00C04F79EFBC}") = "SlidesGenerator", "slides\SlidesGenerator\SlidesGenerator.csproj", "{52841549-4359-B9F8-5767-FE348BF6228E}"
EndProject
Global
	GlobalSection(SolutionConfigurationPlatforms) = preSolution
		Debug|Any CPU = Debug|Any CPU
		Release|Any CPU = Release|Any CPU
	EndGlobalSection
	GlobalSection(ProjectConfigurationPlatforms) = postSolution
		{52841549-4359-B9F8-5767-FE348BF6228E}.Debug|Any CPU.ActiveCfg = Debug|Any CPU
		{52841549-4359-B9F8-5767-FE348BF6228E}.Debug|Any CPU.Build.0 = Debug|Any CPU
		{52841549-4359-B9F8-5767-FE348BF6228E}.Release|Any CPU.ActiveCfg = Release|Any CPU
		{52841549-4359-B9F8-5767-FE348BF6228E}.Release|Any CPU.Build.0 = Release|Any CPU
	EndGlobalSection
	GlobalSection(SolutionProperties) = preSolution
		HideSolutionNode = FALSE
	EndGlobalSection
	GlobalSection(NestedProjects) = preSolution
		{52841549-4359-B9F8-5767-FE348BF6228E} = {113C3CE2-76DA-4FC6-3B60-155B362DDC6D}
	EndGlobalSection
	GlobalSection(ExtensibilityGlobals) = postSolution
		SolutionGuid = {81FE819D-1FB3-492A-816C-F028FEED676E}
	EndGlobalSection
EndGlobal
